{
  "name": "techweb",
  "version": "1.0.0",
  "lockfileVersion": 3,
  "requires": true,
  "packages": {
    "": {
      "name": "techweb",
      "version": "1.0.0",
      "license": "SEE LICENSE IN LICENCE",
      "workspaces": [
        "frontend",
        "backend"
      ]
    },
    "backend": {
      "name": "techweb-backend",
      "version": "1.0.0",
      "license": "ISC",
      "devDependencies": {}
    },
    "frontend": {
      "name": "techweb-frontend",
      "version": "1.0.0",
      "license": "ISC"
    },
    "node_modules/techweb-backend": {
      "resolved": "backend",
      "link": true
    },
    "node_modules/techweb-frontend": {
      "resolved": "frontend",
      "link": true
    }
  }
}
